--- 
dependencies: 
  rails: 
    group: 
    - :default
    version: = 3.0.0.beta4
  sqlite3-ruby: 
    group: 
    - :default
    version: = 1.2.5
    require: 
    - sqlite3
  sinatra: 
    group: 
    - :default
    version: ">= 0"
  devise: 
    group: 
    - :default
    version: ">= 0"
specs: 
- rake: 
    version: 0.8.7
- abstract: 
    version: 1.0.0
- activesupport: 
    version: 3.0.0.beta4
- builder: 
    version: 2.1.2
- i18n: 
    version: 0.4.1
- activemodel: 
    version: 3.0.0.beta4
- erubis: 
    version: 2.6.5
- rack: 
    version: 1.1.0
- rack-mount: 
    version: 0.6.4
- rack-test: 
    version: 0.5.4
- tzinfo: 
    version: 0.3.22
- actionpack: 
    version: 3.0.0.beta4
- mime-types: 
    version: "1.16"
- polyglot: 
    version: 0.3.1
- treetop: 
    version: 1.4.8
- mail: 
    version: 2.2.4
- actionmailer: 
    version: 3.0.0.beta4
- arel: 
    version: 0.4.0
- activerecord: 
    version: 3.0.0.beta4
- activeresource: 
    version: 3.0.0.beta4
- bcrypt-ruby: 
    version: 2.1.2
- bundler: 
    version: 0.9.26
- warden: 
    version: 0.10.7
- devise: 
    version: 1.1.rc1
    source: 0
- thor: 
    version: 0.13.6
- railties: 
    version: 3.0.0.beta4
- rails: 
    version: 3.0.0.beta4
- sinatra: 
    version: "1.0"
- sqlite3-ruby: 
    version: 1.2.5
hash: fa3097fe3894a00edef84c88dbf6a091b8d70b9f
sources: 
- Git: 
    uri: git://github.com/plataformatec/devise.git
    git: git://github.com/plataformatec/devise.git
    ref: 025c3875b6232e77f5200ebc18f0446838265324
- Rubygems: 
    uri: http://rubygems.org
